{
  "name": "ufbr",
  "version": "0.9.0",
  "lockfileVersion": 3,
  "requires": true,
  "packages": {
    "": {
      "name": "ufbr",
      "version": "0.9.0",
      "license": "MIT",
      "dependencies": {
        "ziko": "^1.0.0",
        "zikofy": "^0.7.2"
      }
    },
    "node_modules/preact": {
      "version": "10.28.2",
      "resolved": "https://registry.npmjs.org/preact/-/preact-10.28.2.tgz",
      "integrity": "sha512-lbteaWGzGHdlIuiJ0l2Jq454m6kcpI1zNje6d8MlGAFlYvP2GO4ibnat7P74Esfz4sPTdM6UxtTwh/d3pwM9JA==",
      "license": "MIT",
      "peer": true,
      "funding": {
        "type": "opencollective",
        "url": "https://opencollective.com/preact"
      }
    },
    "node_modules/ziko": {
      "version": "1.0.0",
      "resolved": "https://registry.npmjs.org/ziko/-/ziko-1.0.0.tgz",
      "integrity": "sha512-hCf/uuW2XuhF8eFGfEu2/niAmRA9C/cx6mFrAgW3x4GYWvsmMVFVk6lE9jDdiO35kop5g5ud0f8rYw+fEPWtiQ==",
      "license": "MIT",
      "bin": {
        "create-ziko-app": "starter/bin/index.js"
      }
    },
    "node_modules/zikofy": {
      "version": "0.7.2",
      "resolved": "https://registry.npmjs.org/zikofy/-/zikofy-0.7.2.tgz",
      "integrity": "sha512-7+l/cgLhHpmVO/dOBNiJIYYpPeydAvXKtz2q4J/AB401D8XRJ7GDtx2e+vLL0dJiv4lxJSLPYhweBZNgxq/hYw==",
      "license": "MIT",
      "dependencies": {
        "ziko": "^0.57.1"
      },
      "peerDependencies": {
        "preact": "^10.28.2"
      }
    },
    "node_modules/zikofy/node_modules/ziko": {
      "version": "0.57.1",
      "resolved": "https://registry.npmjs.org/ziko/-/ziko-0.57.1.tgz",
      "integrity": "sha512-ucnjSkqUzWnnZQu2P9PdIqPClgDbGVW27PeEWemVyrHzlqYSFGF41N9V4zOyJyQl3/t72ocC1lyhrq3jR8LnNA==",
      "license": "MIT",
      "bin": {
        "create-ziko-app": "starter/bin/index.js"
      }
    }
  }
}
