{
  "name": "ufbr",
  "version": "0.0.0",
  "lockfileVersion": 3,
  "requires": true,
  "packages": {
    "": {
      "name": "ufbr",
      "version": "0.0.0",
      "license": "MIT",
      "dependencies": {
        "ziko": "^0.57.1",
        "zikofy": "^0.5.1"
      }
    },
    "node_modules/ziko": {
      "version": "0.57.1",
      "resolved": "https://registry.npmjs.org/ziko/-/ziko-0.57.1.tgz",
      "integrity": "sha512-ucnjSkqUzWnnZQu2P9PdIqPClgDbGVW27PeEWemVyrHzlqYSFGF41N9V4zOyJyQl3/t72ocC1lyhrq3jR8LnNA==",
      "license": "MIT",
      "bin": {
        "create-ziko-app": "starter/bin/index.js"
      }
    },
    "node_modules/zikofy": {
      "version": "0.5.1",
      "resolved": "https://registry.npmjs.org/zikofy/-/zikofy-0.5.1.tgz",
      "integrity": "sha512-50QZ/hIJTMyfoVSQRM2D5NIUtWaVjddbgJDx9J/SUxNuKCttgCjz2Va4e14VAFne6kWlkGr/nVEHRxOhjpMvoA==",
      "license": "MIT",
      "dependencies": {
        "ziko": "^0.57.1"
      }
    }
  }
}
